
Microsoft Visual Studio Solution File, Format Version 12.00
# Visual Studio Version 17
VisualStudioVersion = 17.1.32210.238
MinimumVisualStudioVersion = 10.0.40219.1
Project("{FAE04EC0-301F-11D3-BF4B-00C04F79EFBC}") = "Conta_Corrente.ConsoleApp", "Conta_Corrente.ConsoleApp\Conta_Corrente.ConsoleApp.csproj", "{D703BDEB-85A0-49BE-AE75-F4B66D71FCDC}"
EndProject
Global
	GlobalSection(SolutionConfigurationPlatforms) = preSolution
		Debug|Any CPU = Debug|Any CPU
		Release|Any CPU = Release|Any CPU
	EndGlobalSection
	GlobalSection(ProjectConfigurationPlatforms) = postSolution
		{D703BDEB-85A0-49BE-AE75-F4B66D71FCDC}.Debug|Any CPU.ActiveCfg = Debug|Any CPU
		{D703BDEB-85A0-49BE-AE75-F4B66D71FCDC}.Debug|Any CPU.Build.0 = Debug|Any CPU
		{D703BDEB-85A0-49BE-AE75-F4B66D71FCDC}.Release|Any CPU.ActiveCfg = Release|Any CPU
		{D703BDEB-85A0-49BE-AE75-F4B66D71FCDC}.Release|Any CPU.Build.0 = Release|Any CPU
	EndGlobalSection
	GlobalSection(SolutionProperties) = preSolution
		HideSolutionNode = FALSE
	EndGlobalSection
	GlobalSection(ExtensibilityGlobals) = postSolution
		SolutionGuid = {8F9FBA99-91CD-46B6-B608-3A9861870DB2}
	EndGlobalSection
EndGlobal
